
Microsoft Visual Studio Solution File, Format Version 12.00
# Visual Studio Version 17
VisualStudioVersion = 17.14.36301.6
MinimumVisualStudioVersion = 10.0.40219.1
Project("{FAE04EC0-301F-11D3-BF4B-00C04F79EFBC}") = "VidRAG.Api", "src\VidRAG.Api\VidRAG.Api.csproj", "{3D7012A7-B0D8-4C61-A817-5B0858CB0E44}"
EndProject
Project("{FAE04EC0-301F-11D3-BF4B-00C04F79EFBC}") = "VidRAG.Worker", "src\VidRAG.Worker\VidRAG.Worker.csproj", "{0E21BB90-55BA-4A92-8A6B-6A7B2D2EC197}"
EndProject
Global
	GlobalSection(SolutionConfigurationPlatforms) = preSolution
		Debug|Any CPU = Debug|Any CPU
		Release|Any CPU = Release|Any CPU
	EndGlobalSection
	GlobalSection(ProjectConfigurationPlatforms) = postSolution
		{3D7012A7-B0D8-4C61-A817-5B0858CB0E44}.Debug|Any CPU.ActiveCfg = Debug|Any CPU
		{3D7012A7-B0D8-4C61-A817-5B0858CB0E44}.Debug|Any CPU.Build.0 = Debug|Any CPU
		{3D7012A7-B0D8-4C61-A817-5B0858CB0E44}.Release|Any CPU.ActiveCfg = Release|Any CPU
		{3D7012A7-B0D8-4C61-A817-5B0858CB0E44}.Release|Any CPU.Build.0 = Release|Any CPU
		{0E21BB90-55BA-4A92-8A6B-6A7B2D2EC197}.Debug|Any CPU.ActiveCfg = Debug|Any CPU
		{0E21BB90-55BA-4A92-8A6B-6A7B2D2EC197}.Debug|Any CPU.Build.0 = Debug|Any CPU
		{0E21BB90-55BA-4A92-8A6B-6A7B2D2EC197}.Release|Any CPU.ActiveCfg = Release|Any CPU
		{0E21BB90-55BA-4A92-8A6B-6A7B2D2EC197}.Release|Any CPU.Build.0 = Release|Any CPU
	EndGlobalSection
	GlobalSection(SolutionProperties) = preSolution
		HideSolutionNode = FALSE
	EndGlobalSection
	GlobalSection(ExtensibilityGlobals) = postSolution
		SolutionGuid = {ED8B18A9-D514-48E0-B888-A12722E638C5}
	EndGlobalSection
EndGlobal
